{
  "requires": true,
  "lockfileVersion": 1,
  "dependencies": {
    "@hookform/error-message": {
      "version": "0.0.4",
      "resolved": "https://registry.npmjs.org/@hookform/error-message/-/error-message-0.0.4.tgz",
      "integrity": "sha512-as5acnxkWuF5XrzHhZlzdXUk4zpHNzFLe+uGyaJtSrMbDVTvcNL62ESRK5DTVGPix8shJnt6G2LfrobHBPpvYg=="
    }
  }
}
