{
  "requires": true,
  "lockfileVersion": 1,
  "dependencies": {
    "@hookform/error-message": {
      "version": "0.0.4",
      "resolved": "https://registry.npmjs.org/@hookform/error-message/-/error-message-0.0.4.tgz",
      "integrity": "sha512-as5acnxkWuF5XrzHhZlzdXUk4zpHNzFLe+uGyaJtSrMbDVTvcNL62ESRK5DTVGPix8shJnt6G2LfrobHBPpvYg=="
    },
    "fuse.js": {
      "version": "6.4.1",
      "resolved": "https://registry.npmjs.org/fuse.js/-/fuse.js-6.4.1.tgz",
      "integrity": "sha512-+hAS7KYgLXontDh/vqffs7wIBw0ceb9Sx8ywZQhOsiQGcSO5zInGhttWOUYQYlvV/yYMJOacQ129Xs3mP3+oZQ=="
    },
    "react-ga": {
      "version": "3.1.2",
      "resolved": "https://registry.npmjs.org/react-ga/-/react-ga-3.1.2.tgz",
      "integrity": "sha512-OJrMqaHEHbodm+XsnjA6ISBEHTwvpFrxco65mctzl/v3CASMSLSyUkFqz9yYrPDKGBUfNQzKCjuMJwctjlWBbw=="
    }
  }
}
